
Microsoft Visual Studio Solution File, Format Version 12.00
# Visual Studio 2013
VisualStudioVersion = 12.0.31101.0
MinimumVisualStudioVersion = 10.0.40219.1
Project("{FAE04EC0-301F-11D3-BF4B-00C04F79EFBC}") = "GitHubServices", "GitHubServices\GitHubServices.csproj", "{6959815D-8D27-444A-A456-B8DF563059E3}"
EndProject
Project("{FAE04EC0-301F-11D3-BF4B-00C04F79EFBC}") = "GitHubServices.Test", "GitHubServices.Test\GitHubServices.Test.csproj", "{94916172-4618-4644-AFB6-28473B4DA365}"
EndProject
Global
	GlobalSection(SolutionConfigurationPlatforms) = preSolution
		Debug|Any CPU = Debug|Any CPU
		Release|Any CPU = Release|Any CPU
	EndGlobalSection
	GlobalSection(ProjectConfigurationPlatforms) = postSolution
		{6959815D-8D27-444A-A456-B8DF563059E3}.Debug|Any CPU.ActiveCfg = Debug|Any CPU
		{6959815D-8D27-444A-A456-B8DF563059E3}.Debug|Any CPU.Build.0 = Debug|Any CPU
		{6959815D-8D27-444A-A456-B8DF563059E3}.Release|Any CPU.ActiveCfg = Release|Any CPU
		{6959815D-8D27-444A-A456-B8DF563059E3}.Release|Any CPU.Build.0 = Release|Any CPU
		{94916172-4618-4644-AFB6-28473B4DA365}.Debug|Any CPU.ActiveCfg = Debug|Any CPU
		{94916172-4618-4644-AFB6-28473B4DA365}.Debug|Any CPU.Build.0 = Debug|Any CPU
		{94916172-4618-4644-AFB6-28473B4DA365}.Release|Any CPU.ActiveCfg = Release|Any CPU
		{94916172-4618-4644-AFB6-28473B4DA365}.Release|Any CPU.Build.0 = Release|Any CPU
	EndGlobalSection
	GlobalSection(SolutionProperties) = preSolution
		HideSolutionNode = FALSE
	EndGlobalSection
EndGlobal
